Microsoft Visual Studio Solution File, Format Version 11.00
# Visual Studio 2008

Project("{6B02A499-A80B-2121-72B0-DE1BDE5BA9A1}") = "TheGreatProject", "Assembly-CSharp-firstpass.csproj", "{1B4165B5-3DFA-F1CF-F1C1-CBCFEA05292A}"
EndProject
Project("{6B02A499-A80B-2121-72B0-DE1BDE5BA9A1}") = "TheGreatProject", "Assembly-CSharp.csproj", "{67C0255E-5DD3-D9A5-9B70-3437EAE38567}"
EndProject
Project("{6B02A499-A80B-2121-72B0-DE1BDE5BA9A1}") = "TheGreatProject", "Assembly-CSharp-Editor.csproj", "{048121B1-CE94-34EB-D7E2-E6B5564EC05F}"
EndProject
Project("{6B02A499-A80B-2121-72B0-DE1BDE5BA9A1}") = "TheGreatProject", "Assembly-UnityScript.unityproj", "{9865DD1A-7D2C-8A1F-9A62-E632A1682EAE}"
EndProject
Global
	GlobalSection(SolutionConfigurationPlatforms) = preSolution
		Debug|Any CPU = Debug|Any CPU
		Release|Any CPU = Release|Any CPU
	EndGlobalSection
	GlobalSection(ProjectConfigurationPlatforms) = postSolution
		{1B4165B5-3DFA-F1CF-F1C1-CBCFEA05292A}.Debug|Any CPU.ActiveCfg = Debug|Any CPU
		{1B4165B5-3DFA-F1CF-F1C1-CBCFEA05292A}.Debug|Any CPU.Build.0 = Debug|Any CPU
		{1B4165B5-3DFA-F1CF-F1C1-CBCFEA05292A}.Release|Any CPU.ActiveCfg = Release|Any CPU
		{1B4165B5-3DFA-F1CF-F1C1-CBCFEA05292A}.Release|Any CPU.Build.0 = Release|Any CPU
		{67C0255E-5DD3-D9A5-9B70-3437EAE38567}.Debug|Any CPU.ActiveCfg = Debug|Any CPU
		{67C0255E-5DD3-D9A5-9B70-3437EAE38567}.Debug|Any CPU.Build.0 = Debug|Any CPU
		{67C0255E-5DD3-D9A5-9B70-3437EAE38567}.Release|Any CPU.ActiveCfg = Release|Any CPU
		{67C0255E-5DD3-D9A5-9B70-3437EAE38567}.Release|Any CPU.Build.0 = Release|Any CPU
		{048121B1-CE94-34EB-D7E2-E6B5564EC05F}.Debug|Any CPU.ActiveCfg = Debug|Any CPU
		{048121B1-CE94-34EB-D7E2-E6B5564EC05F}.Debug|Any CPU.Build.0 = Debug|Any CPU
		{048121B1-CE94-34EB-D7E2-E6B5564EC05F}.Release|Any CPU.ActiveCfg = Release|Any CPU
		{048121B1-CE94-34EB-D7E2-E6B5564EC05F}.Release|Any CPU.Build.0 = Release|Any CPU
		{9865DD1A-7D2C-8A1F-9A62-E632A1682EAE}.Debug|Any CPU.ActiveCfg = Debug|Any CPU
		{9865DD1A-7D2C-8A1F-9A62-E632A1682EAE}.Debug|Any CPU.Build.0 = Debug|Any CPU
		{9865DD1A-7D2C-8A1F-9A62-E632A1682EAE}.Release|Any CPU.ActiveCfg = Release|Any CPU
		{9865DD1A-7D2C-8A1F-9A62-E632A1682EAE}.Release|Any CPU.Build.0 = Release|Any CPU
	EndGlobalSection
	GlobalSection(SolutionProperties) = preSolution
		HideSolutionNode = FALSE
	EndGlobalSection
																																																																																																																																																																															GlobalSection(MonoDevelopProperties) = preSolution
		StartupItem = Assembly-CSharp.csproj
		Policies = $0
		$0.TextStylePolicy = $1
		$1.inheritsSet = null
		$1.scope = text/x-csharp
		$0.CSharpFormattingPolicy = $2
		$2.inheritsSet = Mono
		$2.inheritsScope = text/x-csharp
		$2.scope = text/x-csharp
		$0.TextStylePolicy = $3
		$3.FileWidth = 120
		$3.TabWidth = 4
		$3.IndentWidth = 4
		$3.EolMarker = Unix
		$3.inheritsSet = Mono
		$3.inheritsScope = text/plain
		$3.scope = text/plain
	EndGlobalSection

EndGlobal
